
Microsoft Visual Studio Solution File, Format Version 12.00
# Visual Studio Version 18
VisualStudioVersion = 18.2.11415.280 d18.0
MinimumVisualStudioVersion = 10.0.40219.1
Project("{FAE04EC0-301F-11D3-BF4B-00C04F79EFBC}") = "CaptureTools", "CaptureTools\CaptureTools.csproj", "{16CDC3F2-6874-FD22-A079-438A05C89393}"
EndProject
Global
	GlobalSection(SolutionConfigurationPlatforms) = preSolution
		Debug|Any CPU = Debug|Any CPU
		Release|Any CPU = Release|Any CPU
	EndGlobalSection
	GlobalSection(ProjectConfigurationPlatforms) = postSolution
		{16CDC3F2-6874-FD22-A079-438A05C89393}.Debug|Any CPU.ActiveCfg = Debug|Any CPU
		{16CDC3F2-6874-FD22-A079-438A05C89393}.Debug|Any CPU.Build.0 = Debug|Any CPU
		{16CDC3F2-6874-FD22-A079-438A05C89393}.Release|Any CPU.ActiveCfg = Release|Any CPU
		{16CDC3F2-6874-FD22-A079-438A05C89393}.Release|Any CPU.Build.0 = Release|Any CPU
	EndGlobalSection
	GlobalSection(SolutionProperties) = preSolution
		HideSolutionNode = FALSE
	EndGlobalSection
	GlobalSection(ExtensibilityGlobals) = postSolution
		SolutionGuid = {2C2C3220-01C3-41B2-8CC3-C9378749AB11}
	EndGlobalSection
EndGlobal
